
Microsoft Visual Studio Solution File, Format Version 12.00
# Visual Studio Version 17
VisualStudioVersion = 17.12.35514.174
MinimumVisualStudioVersion = 10.0.40219.1
Project("{2150E333-8FDC-42A3-9474-1A3956D46DE8}") = "Core", "Core", "{0DC8CB73-D941-4DB1-A3D1-889FD770B887}"
EndProject
Project("{2150E333-8FDC-42A3-9474-1A3956D46DE8}") = "AnurStore.Domain", "AnurStore.Domain", "{862FA187-5ABD-4125-9576-DC78903ADC56}"
EndProject
Project("{2150E333-8FDC-42A3-9474-1A3956D46DE8}") = "AnurStore.Application", "AnurStore.Application", "{D7F001EC-7927-4E00-8955-9DF7B01A551B}"
EndProject
Project("{FAE04EC0-301F-11D3-BF4B-00C04F79EFBC}") = "AnurStore.Application", "AnurStore.Application\AnurStore.Application.csproj", "{6CC84519-E522-41A8-9625-FD688B64195E}"
EndProject
Project("{FAE04EC0-301F-11D3-BF4B-00C04F79EFBC}") = "AnurStore.Domain", "AnurStore.Domain\AnurStore.Domain.csproj", "{0121F76E-1C1D-4996-B761-4576B23411D4}"
EndProject
Project("{2150E333-8FDC-42A3-9474-1A3956D46DE8}") = "Infastructure", "Infastructure", "{89FBE432-B0F5-4786-AB71-C70C5D53767C}"
EndProject
Project("{2150E333-8FDC-42A3-9474-1A3956D46DE8}") = "Presentation", "Presentation", "{6E9F2DE8-AC68-4389-BCCA-F781FFE9B889}"
EndProject
Project("{FAE04EC0-301F-11D3-BF4B-00C04F79EFBC}") = "AnurStore.WebUI", "AnurStore.WebUI\AnurStore.WebUI.csproj", "{916EBC1B-F4B0-44EA-BEF4-DA7484E9C0E9}"
EndProject
Project("{2150E333-8FDC-42A3-9474-1A3956D46DE8}") = "AnurStore.WebUI", "AnurStore.WebUI", "{56903B3D-13C3-4AD2-A470-09DD8C749CEC}"
EndProject
Project("{2150E333-8FDC-42A3-9474-1A3956D46DE8}") = "Persistence", "Persistence", "{2E225EC4-7241-4916-A7BD-04C988C0FADD}"
EndProject
Project("{FAE04EC0-301F-11D3-BF4B-00C04F79EFBC}") = "AnurStore.Persistence", "AnurStore.Persistence\AnurStore.Persistence.csproj", "{38D1E2AE-13DF-42A7-AC16-C89E3B971B51}"
EndProject
Project("{2150E333-8FDC-42A3-9474-1A3956D46DE8}") = "IOC", "IOC", "{7ED0FF98-137A-42E5-90AE-B3532C87A267}"
EndProject
Project("{FAE04EC0-301F-11D3-BF4B-00C04F79EFBC}") = "AnurStore.IOC", "AnurStore.IOC\AnurStore.IOC.csproj", "{306DC457-77C6-4333-9FF4-EAA5A1331784}"
EndProject
Project("{2150E333-8FDC-42A3-9474-1A3956D46DE8}") = "AnurStore.WebApi", "AnurStore.WebApi", "{02EA681E-C7D8-13C7-8484-4AC65E1B71E8}"
EndProject
Project("{FAE04EC0-301F-11D3-BF4B-00C04F79EFBC}") = "AnurStore.WebApi", "AnurStore.WebApi\AnurStore.WebApi.csproj", "{E19C7FE6-D3C0-4544-B452-801E3D0E985B}"
EndProject
Global
	GlobalSection(SolutionConfigurationPlatforms) = preSolution
		Debug|Any CPU = Debug|Any CPU
		Release|Any CPU = Release|Any CPU
	EndGlobalSection
	GlobalSection(ProjectConfigurationPlatforms) = postSolution
		{6CC84519-E522-41A8-9625-FD688B64195E}.Debug|Any CPU.ActiveCfg = Debug|Any CPU
		{6CC84519-E522-41A8-9625-FD688B64195E}.Debug|Any CPU.Build.0 = Debug|Any CPU
		{6CC84519-E522-41A8-9625-FD688B64195E}.Release|Any CPU.ActiveCfg = Release|Any CPU
		{6CC84519-E522-41A8-9625-FD688B64195E}.Release|Any CPU.Build.0 = Release|Any CPU
		{0121F76E-1C1D-4996-B761-4576B23411D4}.Debug|Any CPU.ActiveCfg = Debug|Any CPU
		{0121F76E-1C1D-4996-B761-4576B23411D4}.Debug|Any CPU.Build.0 = Debug|Any CPU
		{0121F76E-1C1D-4996-B761-4576B23411D4}.Release|Any CPU.ActiveCfg = Release|Any CPU
		{0121F76E-1C1D-4996-B761-4576B23411D4}.Release|Any CPU.Build.0 = Release|Any CPU
		{916EBC1B-F4B0-44EA-BEF4-DA7484E9C0E9}.Debug|Any CPU.ActiveCfg = Debug|Any CPU
		{916EBC1B-F4B0-44EA-BEF4-DA7484E9C0E9}.Debug|Any CPU.Build.0 = Debug|Any CPU
		{916EBC1B-F4B0-44EA-BEF4-DA7484E9C0E9}.Release|Any CPU.ActiveCfg = Release|Any CPU
		{916EBC1B-F4B0-44EA-BEF4-DA7484E9C0E9}.Release|Any CPU.Build.0 = Release|Any CPU
		{38D1E2AE-13DF-42A7-AC16-C89E3B971B51}.Debug|Any CPU.ActiveCfg = Debug|Any CPU
		{38D1E2AE-13DF-42A7-AC16-C89E3B971B51}.Debug|Any CPU.Build.0 = Debug|Any CPU
		{38D1E2AE-13DF-42A7-AC16-C89E3B971B51}.Release|Any CPU.ActiveCfg = Release|Any CPU
		{38D1E2AE-13DF-42A7-AC16-C89E3B971B51}.Release|Any CPU.Build.0 = Release|Any CPU
		{306DC457-77C6-4333-9FF4-EAA5A1331784}.Debug|Any CPU.ActiveCfg = Debug|Any CPU
		{306DC457-77C6-4333-9FF4-EAA5A1331784}.Debug|Any CPU.Build.0 = Debug|Any CPU
		{306DC457-77C6-4333-9FF4-EAA5A1331784}.Release|Any CPU.ActiveCfg = Release|Any CPU
		{306DC457-77C6-4333-9FF4-EAA5A1331784}.Release|Any CPU.Build.0 = Release|Any CPU
		{E19C7FE6-D3C0-4544-B452-801E3D0E985B}.Debug|Any CPU.ActiveCfg = Debug|Any CPU
		{E19C7FE6-D3C0-4544-B452-801E3D0E985B}.Debug|Any CPU.Build.0 = Debug|Any CPU
		{E19C7FE6-D3C0-4544-B452-801E3D0E985B}.Release|Any CPU.ActiveCfg = Release|Any CPU
		{E19C7FE6-D3C0-4544-B452-801E3D0E985B}.Release|Any CPU.Build.0 = Release|Any CPU
	EndGlobalSection
	GlobalSection(SolutionProperties) = preSolution
		HideSolutionNode = FALSE
	EndGlobalSection
	GlobalSection(NestedProjects) = preSolution
		{862FA187-5ABD-4125-9576-DC78903ADC56} = {0DC8CB73-D941-4DB1-A3D1-889FD770B887}
		{D7F001EC-7927-4E00-8955-9DF7B01A551B} = {0DC8CB73-D941-4DB1-A3D1-889FD770B887}
		{6CC84519-E522-41A8-9625-FD688B64195E} = {D7F001EC-7927-4E00-8955-9DF7B01A551B}
		{0121F76E-1C1D-4996-B761-4576B23411D4} = {862FA187-5ABD-4125-9576-DC78903ADC56}
		{916EBC1B-F4B0-44EA-BEF4-DA7484E9C0E9} = {56903B3D-13C3-4AD2-A470-09DD8C749CEC}
		{56903B3D-13C3-4AD2-A470-09DD8C749CEC} = {6E9F2DE8-AC68-4389-BCCA-F781FFE9B889}
		{2E225EC4-7241-4916-A7BD-04C988C0FADD} = {89FBE432-B0F5-4786-AB71-C70C5D53767C}
		{38D1E2AE-13DF-42A7-AC16-C89E3B971B51} = {2E225EC4-7241-4916-A7BD-04C988C0FADD}
		{7ED0FF98-137A-42E5-90AE-B3532C87A267} = {89FBE432-B0F5-4786-AB71-C70C5D53767C}
		{306DC457-77C6-4333-9FF4-EAA5A1331784} = {7ED0FF98-137A-42E5-90AE-B3532C87A267}
		{02EA681E-C7D8-13C7-8484-4AC65E1B71E8} = {6E9F2DE8-AC68-4389-BCCA-F781FFE9B889}
		{E19C7FE6-D3C0-4544-B452-801E3D0E985B} = {02EA681E-C7D8-13C7-8484-4AC65E1B71E8}
	EndGlobalSection
	GlobalSection(ExtensibilityGlobals) = postSolution
		SolutionGuid = {6B53D466-66AF-4F26-A7D6-5388ED183679}
	EndGlobalSection
EndGlobal
